// !$*UTF8*$!
{
	archiveVersion = 1;
	classes = {
	};
	objectVersion = 56;
	objects = {

/* Begin PBXBuildFile section */
		81FF8BF52C19D3240051774E /* WordleAppApp.swift in Sources */ = {isa = PBXBuildFile; fileRef = 81FF8BF42C19D3240051774E /* WordleAppApp.swift */; };
		81FF8BF72C19D3240051774E /* ContentView.swift in Sources */ = {isa = PBXBuildFile; fileRef = 81FF8BF62C19D3240051774E /* ContentView.swift */; };
		81FF8BF92C19D3260051774E /* Assets.xcassets in Resources */ = {isa = PBXBuildFile; fileRef = 81FF8BF82C19D3260051774E /* Assets.xcassets */; };
		81FF8BFC2C19D3260051774E /* Preview Assets.xcassets in Resources */ = {isa = PBXBuildFile; fileRef = 81FF8BFB2C19D3260051774E /* Preview Assets.xcassets */; };
		81FF8C042C1AC7040051774E /* GameView.swift in Sources */ = {isa = PBXBuildFile; fileRef = 81FF8C032C1AC7040051774E /* GameView.swift */; };
		81FF8C072C1ACDE60051774E /* ColorsExt.swift in Sources */ = {isa = PBXBuildFile; fileRef = 81FF8C062C1ACDE60051774E /* ColorsExt.swift */; };
		81FF8C092C1ACF2F0051774E /* BoardView.swift in Sources */ = {isa = PBXBuildFile; fileRef = 81FF8C082C1ACF2F0051774E /* BoardView.swift */; };
		81FF8C0B2C1AD6CE0051774E /* KeyboardView.swift in Sources */ = {isa = PBXBuildFile; fileRef = 81FF8C0A2C1AD6CE0051774E /* KeyboardView.swift */; };
		81FF8C112C1B13230051774E /* GameViewModel.swift in Sources */ = {isa = PBXBuildFile; fileRef = 81FF8C102C1B13230051774E /* GameViewModel.swift */; };
		81FF8C132C1B28100051774E /* UIScreen.swift in Sources */ = {isa = PBXBuildFile; fileRef = 81FF8C122C1B28100051774E /* UIScreen.swift */; };
/* End PBXBuildFile section */

/* Begin PBXFileReference section */
		81FF8BF12C19D3240051774E /* WordleApp.app */ = {isa = PBXFileReference; explicitFileType = wrapper.application; includeInIndex = 0; path = WordleApp.app; sourceTree = BUILT_PRODUCTS_DIR; };
		81FF8BF42C19D3240051774E /* WordleAppApp.swift */ = {isa = PBXFileReference; lastKnownFileType = sourcecode.swift; path = WordleAppApp.swift; sourceTree = "<group>"; };
		81FF8BF62C19D3240051774E /* ContentView.swift */ = {isa = PBXFileReference; lastKnownFileType = sourcecode.swift; path = ContentView.swift; sourceTree = "<group>"; };
		81FF8BF82C19D3260051774E /* Assets.xcassets */ = {isa = PBXFileReference; lastKnownFileType = folder.assetcatalog; path = Assets.xcassets; sourceTree = "<group>"; };
		81FF8BFB2C19D3260051774E /* Preview Assets.xcassets */ = {isa = PBXFileReference; lastKnownFileType = folder.assetcatalog; path = "Preview Assets.xcassets"; sourceTree = "<group>"; };
		81FF8C032C1AC7040051774E /* GameView.swift */ = {isa = PBXFileReference; lastKnownFileType = sourcecode.swift; path = GameView.swift; sourceTree = "<group>"; };
		81FF8C062C1ACDE60051774E /* ColorsExt.swift */ = {isa = PBXFileReference; lastKnownFileType = sourcecode.swift; path = ColorsExt.swift; sourceTree = "<group>"; };
		81FF8C082C1ACF2F0051774E /* BoardView.swift */ = {isa = PBXFileReference; lastKnownFileType = sourcecode.swift; path = BoardView.swift; sourceTree = "<group>"; };
		81FF8C0A2C1AD6CE0051774E /* KeyboardView.swift */ = {isa = PBXFileReference; lastKnownFileType = sourcecode.swift; path = KeyboardView.swift; sourceTree = "<group>"; };
		81FF8C102C1B13230051774E /* GameViewModel.swift */ = {isa = PBXFileReference; lastKnownFileType = sourcecode.swift; path = GameViewModel.swift; sourceTree = "<group>"; };
		81FF8C122C1B28100051774E /* UIScreen.swift */ = {isa = PBXFileReference; lastKnownFileType = sourcecode.swift; path = UIScreen.swift; sourceTree = "<group>"; };
/* End PBXFileReference section */

/* Begin PBXFrameworksBuildPhase section */
		81FF8BEE2C19D3240051774E /* Frameworks */ = {
			isa = PBXFrameworksBuildPhase;
			buildActionMask = 2147483647;
			files = (
			);
			runOnlyForDeploymentPostprocessing = 0;
		};
/* End PBXFrameworksBuildPhase section */

/* Begin PBXGroup section */
		81FF8BE82C19D3240051774E = {
			isa = PBXGroup;
			children = (
				81FF8BF32C19D3240051774E /* WordleApp */,
				81FF8BF22C19D3240051774E /* Products */,
			);
			sourceTree = "<group>";
		};
		81FF8BF22C19D3240051774E /* Products */ = {
			isa = PBXGroup;
			children = (
				81FF8BF12C19D3240051774E /* WordleApp.app */,
			);
			name = Products;
			sourceTree = "<group>";
		};
		81FF8BF32C19D3240051774E /* WordleApp */ = {
			isa = PBXGroup;
			children = (
				81FF8C0D2C1B12EF0051774E /* ViewModel */,
				81FF8C052C1ACDCF0051774E /* Extension */,
				81FF8BF42C19D3240051774E /* WordleAppApp.swift */,
				81FF8BF62C19D3240051774E /* ContentView.swift */,
				81FF8C022C1AC6F20051774E /* Views */,
				81FF8BF82C19D3260051774E /* Assets.xcassets */,
				81FF8BFA2C19D3260051774E /* Preview Content */,
			);
			path = WordleApp;
			sourceTree = "<group>";
		};
		81FF8BFA2C19D3260051774E /* Preview Content */ = {
			isa = PBXGroup;
			children = (
				81FF8BFB2C19D3260051774E /* Preview Assets.xcassets */,
			);
			path = "Preview Content";
			sourceTree = "<group>";
		};
		81FF8C022C1AC6F20051774E /* Views */ = {
			isa = PBXGroup;
			children = (
				81FF8C032C1AC7040051774E /* GameView.swift */,
				81FF8C082C1ACF2F0051774E /* BoardView.swift */,
				81FF8C0A2C1AD6CE0051774E /* KeyboardView.swift */,
			);
			path = Views;
			sourceTree = "<group>";
		};
		81FF8C052C1ACDCF0051774E /* Extension */ = {
			isa = PBXGroup;
			children = (
				81FF8C062C1ACDE60051774E /* ColorsExt.swift */,
				81FF8C122C1B28100051774E /* UIScreen.swift */,
			);
			path = Extension;
			sourceTree = "<group>";
		};
		81FF8C0D2C1B12EF0051774E /* ViewModel */ = {
			isa = PBXGroup;
			children = (
				81FF8C102C1B13230051774E /* GameViewModel.swift */,
			);
			path = ViewModel;
			sourceTree = "<group>";
		};
/* End PBXGroup section */

/* Begin PBXNativeTarget section */
		81FF8BF02C19D3240051774E /* WordleApp */ = {
			isa = PBXNativeTarget;
			buildConfigurationList = 81FF8BFF2C19D3260051774E /* Build configuration list for PBXNativeTarget "WordleApp" */;
			buildPhases = (
				81FF8BED2C19D3240051774E /* Sources */,
				81FF8BEE2C19D3240051774E /* Frameworks */,
				81FF8BEF2C19D3240051774E /* Resources */,
			);
			buildRules = (
			);
			dependencies = (
			);
			name = WordleApp;
			productName = WordleApp;
			productReference = 81FF8BF12C19D3240051774E /* WordleApp.app */;
			productType = "com.apple.product-type.application";
		};
/* End PBXNativeTarget section */

/* Begin PBXProject section */
		81FF8BE92C19D3240051774E /* Project object */ = {
			isa = PBXProject;
			attributes = {
				BuildIndependentTargetsInParallel = 1;
				LastSwiftUpdateCheck = 1530;
				LastUpgradeCheck = 1530;
				TargetAttributes = {
					81FF8BF02C19D3240051774E = {
						CreatedOnToolsVersion = 15.3;
					};
				};
			};
			buildConfigurationList = 81FF8BEC2C19D3240051774E /* Build configuration list for PBXProject "WordleApp" */;
			compatibilityVersion = "Xcode 14.0";
			developmentRegion = en;
			hasScannedForEncodings = 0;
			knownRegions = (
				en,
				Base,
			);
			mainGroup = 81FF8BE82C19D3240051774E;
			productRefGroup = 81FF8BF22C19D3240051774E /* Products */;
			projectDirPath = "";
			projectRoot = "";
			targets = (
				81FF8BF02C19D3240051774E /* WordleApp */,
			);
		};
/* End PBXProject section */

/* Begin PBXResourcesBuildPhase section */
		81FF8BEF2C19D3240051774E /* Resources */ = {
			isa = PBXResourcesBuildPhase;
			buildActionMask = 2147483647;
			files = (
				81FF8BFC2C19D3260051774E /* Preview Assets.xcassets in Resources */,
				81FF8BF92C19D3260051774E /* Assets.xcassets in Resources */,
			);
			runOnlyForDeploymentPostprocessing = 0;
		};
/* End PBXResourcesBuildPhase section */

/* Begin PBXSourcesBuildPhase section */
		81FF8BED2C19D3240051774E /* Sources */ = {
			isa = PBXSourcesBuildPhase;
			buildActionMask = 2147483647;
			files = (
				81FF8BF72C19D3240051774E /* ContentView.swift in Sources */,
				81FF8C072C1ACDE60051774E /* ColorsExt.swift in Sources */,
				81FF8C092C1ACF2F0051774E /* BoardView.swift in Sources */,
				81FF8C0B2C1AD6CE0051774E /* KeyboardView.swift in Sources */,
				81FF8C042C1AC7040051774E /* GameView.swift in Sources */,
				81FF8BF52C19D3240051774E /* WordleAppApp.swift in Sources */,
				81FF8C112C1B13230051774E /* GameViewModel.swift in Sources */,
				81FF8C132C1B28100051774E /* UIScreen.swift in Sources */,
			);
			runOnlyForDeploymentPostprocessing = 0;
		};
/* End PBXSourcesBuildPhase section */

/* Begin XCBuildConfiguration section */
		81FF8BFD2C19D3260051774E /* Debug */ = {
			isa = XCBuildConfiguration;
			buildSettings = {
				ALWAYS_SEARCH_USER_PATHS = NO;
				ASSETCATALOG_COMPILER_GENERATE_SWIFT_ASSET_SYMBOL_EXTENSIONS = YES;
				CLANG_ANALYZER_NONNULL = YES;
				CLANG_ANALYZER_NUMBER_OBJECT_CONVERSION = YES_AGGRESSIVE;
				CLANG_CXX_LANGUAGE_STANDARD = "gnu++20";
				CLANG_ENABLE_MODULES = YES;
				CLANG_ENABLE_OBJC_ARC = YES;
				CLANG_ENABLE_OBJC_WEAK = YES;
				CLANG_WARN_BLOCK_CAPTURE_AUTORELEASING = YES;
				CLANG_WARN_BOOL_CONVERSION = YES;
				CLANG_WARN_COMMA = YES;
				CLANG_WARN_CONSTANT_CONVERSION = YES;
				CLANG_WARN_DEPRECATED_OBJC_IMPLEMENTATIONS = YES;
				CLANG_WARN_DIRECT_OBJC_ISA_USAGE = YES_ERROR;
				CLANG_WARN_DOCUMENTATION_COMMENTS = YES;
				CLANG_WARN_EMPTY_BODY = YES;
				CLANG_WARN_ENUM_CONVERSION = YES;
				CLANG_WARN_INFINITE_RECURSION = YES;
				CLANG_WARN_INT_CONVERSION = YES;
				CLANG_WARN_NON_LITERAL_NULL_CONVERSION = YES;
				CLANG_WARN_OBJC_IMPLICIT_RETAIN_SELF = YES;
				CLANG_WARN_OBJC_LITERAL_CONVERSION = YES;
				CLANG_WARN_OBJC_ROOT_CLASS = YES_ERROR;
				CLANG_WARN_QUOTED_INCLUDE_IN_FRAMEWORK_HEADER = YES;
				CLANG_WARN_RANGE_LOOP_ANALYSIS = YES;
				CLANG_WARN_STRICT_PROTOTYPES = YES;
				CLANG_WARN_SUSPICIOUS_MOVE = YES;
				CLANG_WARN_UNGUARDED_AVAILABILITY = YES_AGGRESSIVE;
				CLANG_WARN_UNREACHABLE_CODE = YES;
				CLANG_WARN__DUPLICATE_METHOD_MATCH = YES;
				COPY_PHASE_STRIP = NO;
				DEBUG_INFORMATION_FORMAT = dwarf;
				ENABLE_STRICT_OBJC_MSGSEND = YES;
				ENABLE_TESTABILITY = YES;
				ENABLE_USER_SCRIPT_SANDBOXING = YES;
				GCC_C_LANGUAGE_STANDARD = gnu17;
				GCC_DYNAMIC_NO_PIC = NO;
				GCC_NO_COMMON_BLOCKS = YES;
				GCC_OPTIMIZATION_LEVEL = 0;
				GCC_PREPROCESSOR_DEFINITIONS = (
					"DEBUG=1",
					"$(inherited)",
				);
				GCC_WARN_64_TO_32_BIT_CONVERSION = YES;
				GCC_WARN_ABOUT_RETURN_TYPE = YES_ERROR;
				GCC_WARN_UNDECLARED_SELECTOR = YES;
				GCC_WARN_UNINITIALIZED_AUTOS = YES_AGGRESSIVE;
				GCC_WARN_UNUSED_FUNCTION = YES;
				GCC_WARN_UNUSED_VARIABLE = YES;
				IPHONEOS_DEPLOYMENT_TARGET = 17.4;
				LOCALIZATION_PREFERS_STRING_CATALOGS = YES;
				MTL_ENABLE_DEBUG_INFO = INCLUDE_SOURCE;
				MTL_FAST_MATH = YES;
				ONLY_ACTIVE_ARCH = YES;
				SDKROOT = iphoneos;
				SWIFT_ACTIVE_COMPILATION_CONDITIONS = "DEBUG $(inherited)";
				SWIFT_OPTIMIZATION_LEVEL = "-Onone";
			};
			name = Debug;
		};
		81FF8BFE2C19D3260051774E /* Release */ = {
			isa = XCBuildConfiguration;
			buildSettings = {
				ALWAYS_SEARCH_USER_PATHS = NO;
				ASSETCATALOG_COMPILER_GENERATE_SWIFT_ASSET_SYMBOL_EXTENSIONS = YES;
				CLANG_ANALYZER_NONNULL = YES;
				CLANG_ANALYZER_NUMBER_OBJECT_CONVERSION = YES_AGGRESSIVE;
				CLANG_CXX_LANGUAGE_STANDARD = "gnu++20";
				CLANG_ENABLE_MODULES = YES;
				CLANG_ENABLE_OBJC_ARC = YES;
				CLANG_ENABLE_OBJC_WEAK = YES;
				CLANG_WARN_BLOCK_CAPTURE_AUTORELEASING = YES;
				CLANG_WARN_BOOL_CONVERSION = YES;
				CLANG_WARN_COMMA = YES;
				CLANG_WARN_CONSTANT_CONVERSION = YES;
				CLANG_WARN_DEPRECATED_OBJC_IMPLEMENTATIONS = YES;
				CLANG_WARN_DIRECT_OBJC_ISA_USAGE = YES_ERROR;
				CLANG_WARN_DOCUMENTATION_COMMENTS = YES;
				CLANG_WARN_EMPTY_BODY = YES;
				CLANG_WARN_ENUM_CONVERSION = YES;
				CLANG_WARN_INFINITE_RECURSION = YES;
				CLANG_WARN_INT_CONVERSION = YES;
				CLANG_WARN_NON_LITERAL_NULL_CONVERSION = YES;
				CLANG_WARN_OBJC_IMPLICIT_RETAIN_SELF = YES;
				CLANG_WARN_OBJC_LITERAL_CONVERSION = YES;
				CLANG_WARN_OBJC_ROOT_CLASS = YES_ERROR;
				CLANG_WARN_QUOTED_INCLUDE_IN_FRAMEWORK_HEADER = YES;
				CLANG_WARN_RANGE_LOOP_ANALYSIS = YES;
				CLANG_WARN_STRICT_PROTOTYPES = YES;
				CLANG_WARN_SUSPICIOUS_MOVE = YES;
				CLANG_WARN_UNGUARDED_AVAILABILITY = YES_AGGRESSIVE;
				CLANG_WARN_UNREACHABLE_CODE = YES;
				CLANG_WARN__DUPLICATE_METHOD_MATCH = YES;
				COPY_PHASE_STRIP = NO;
				DEBUG_INFORMATION_FORMAT = "dwarf-with-dsym";
				ENABLE_NS_ASSERTIONS = NO;
				ENABLE_STRICT_OBJC_MSGSEND = YES;
				ENABLE_USER_SCRIPT_SANDBOXING = YES;
				GCC_C_LANGUAGE_STANDARD = gnu17;
				GCC_NO_COMMON_BLOCKS = YES;
				GCC_WARN_64_TO_32_BIT_CONVERSION = YES;
				GCC_WARN_ABOUT_RETURN_TYPE = YES_ERROR;
				GCC_WARN_UNDECLARED_SELECTOR = YES;
				GCC_WARN_UNINITIALIZED_AUTOS = YES_AGGRESSIVE;
				GCC_WARN_UNUSED_FUNCTION = YES;
				GCC_WARN_UNUSED_VARIABLE = YES;
				IPHONEOS_DEPLOYMENT_TARGET = 17.4;
				LOCALIZATION_PREFERS_STRING_CATALOGS = YES;
				MTL_ENABLE_DEBUG_INFO = NO;
				MTL_FAST_MATH = YES;
				SDKROOT = iphoneos;
				SWIFT_COMPILATION_MODE = wholemodule;
				VALIDATE_PRODUCT = YES;
			};
			name = Release;
		};
		81FF8C002C19D3260051774E /* Debug */ = {
			isa = XCBuildConfiguration;
			buildSettings = {
				ASSETCATALOG_COMPILER_APPICON_NAME = AppIcon;
				ASSETCATALOG_COMPILER_GLOBAL_ACCENT_COLOR_NAME = AccentColor;
				CODE_SIGN_STYLE = Automatic;
				CURRENT_PROJECT_VERSION = 1;
				DEVELOPMENT_ASSET_PATHS = "\"WordleApp/Preview Content\"";
				ENABLE_PREVIEWS = YES;
				GENERATE_INFOPLIST_FILE = YES;
				INFOPLIST_KEY_UIApplicationSceneManifest_Generation = YES;
				INFOPLIST_KEY_UIApplicationSupportsIndirectInputEvents = YES;
				INFOPLIST_KEY_UILaunchScreen_Generation = YES;
				INFOPLIST_KEY_UISupportedInterfaceOrientations_iPad = "UIInterfaceOrientationPortrait UIInterfaceOrientationPortraitUpsideDown UIInterfaceOrientationLandscapeLeft UIInterfaceOrientationLandscapeRight";
				INFOPLIST_KEY_UISupportedInterfaceOrientations_iPhone = "UIInterfaceOrientationPortrait UIInterfaceOrientationLandscapeLeft UIInterfaceOrientationLandscapeRight";
				LD_RUNPATH_SEARCH_PATHS = (
					"$(inherited)",
					"@executable_path/Frameworks",
				);
				MARKETING_VERSION = 1.0;
				PRODUCT_BUNDLE_IDENTIFIER = net.sportzinteractive.WordleApp;
				PRODUCT_NAME = "$(TARGET_NAME)";
				SWIFT_EMIT_LOC_STRINGS = YES;
				SWIFT_VERSION = 5.0;
				TARGETED_DEVICE_FAMILY = "1,2";
			};
			name = Debug;
		};
		81FF8C012C19D3260051774E /* Release */ = {
			isa = XCBuildConfiguration;
			buildSettings = {
				ASSETCATALOG_COMPILER_APPICON_NAME = AppIcon;
				ASSETCATALOG_COMPILER_GLOBAL_ACCENT_COLOR_NAME = AccentColor;
				CODE_SIGN_STYLE = Automatic;
				CURRENT_PROJECT_VERSION = 1;
				DEVELOPMENT_ASSET_PATHS = "\"WordleApp/Preview Content\"";
				ENABLE_PREVIEWS = YES;
				GENERATE_INFOPLIST_FILE = YES;
				INFOPLIST_KEY_UIApplicationSceneManifest_Generation = YES;
				INFOPLIST_KEY_UIApplicationSupportsIndirectInputEvents = YES;
				INFOPLIST_KEY_UILaunchScreen_Generation = YES;
				INFOPLIST_KEY_UISupportedInterfaceOrientations_iPad = "UIInterfaceOrientationPortrait UIInterfaceOrientationPortraitUpsideDown UIInterfaceOrientationLandscapeLeft UIInterfaceOrientationLandscapeRight";
				INFOPLIST_KEY_UISupportedInterfaceOrientations_iPhone = "UIInterfaceOrientationPortrait UIInterfaceOrientationLandscapeLeft UIInterfaceOrientationLandscapeRight";
				LD_RUNPATH_SEARCH_PATHS = (
					"$(inherited)",
					"@executable_path/Frameworks",
				);
				MARKETING_VERSION = 1.0;
				PRODUCT_BUNDLE_IDENTIFIER = net.sportzinteractive.WordleApp;
				PRODUCT_NAME = "$(TARGET_NAME)";
				SWIFT_EMIT_LOC_STRINGS = YES;
				SWIFT_VERSION = 5.0;
				TARGETED_DEVICE_FAMILY = "1,2";
			};
			name = Release;
		};
/* End XCBuildConfiguration section */

/* Begin XCConfigurationList section */
		81FF8BEC2C19D3240051774E /* Build configuration list for PBXProject "WordleApp" */ = {
			isa = XCConfigurationList;
			buildConfigurations = (
				81FF8BFD2C19D3260051774E /* Debug */,
				81FF8BFE2C19D3260051774E /* Release */,
			);
			defaultConfigurationIsVisible = 0;
			defaultConfigurationName = Release;
		};
		81FF8BFF2C19D3260051774E /* Build configuration list for PBXNativeTarget "WordleApp" */ = {
			isa = XCConfigurationList;
			buildConfigurations = (
				81FF8C002C19D3260051774E /* Debug */,
				81FF8C012C19D3260051774E /* Release */,
			);
			defaultConfigurationIsVisible = 0;
			defaultConfigurationName = Release;
		};
/* End XCConfigurationList section */
	};
	rootObject = 81FF8BE92C19D3240051774E /* Project object */;
}
